
Microsoft Visual Studio Solution File, Format Version 12.00
# Visual Studio Version 17
VisualStudioVersion = 17.0.31612.314
MinimumVisualStudioVersion = 10.0.40219.1
Project("{FAE04EC0-301F-11D3-BF4B-00C04F79EFBC}") = "cashRegister", "cashRegister\cashRegister.csproj", "{362448F8-9A31-49E9-9B43-B2245FF63014}"
EndProject
Global
	GlobalSection(SolutionConfigurationPlatforms) = preSolution
		Debug|Any CPU = Debug|Any CPU
		Release|Any CPU = Release|Any CPU
	EndGlobalSection
	GlobalSection(ProjectConfigurationPlatforms) = postSolution
		{362448F8-9A31-49E9-9B43-B2245FF63014}.Debug|Any CPU.ActiveCfg = Debug|Any CPU
		{362448F8-9A31-49E9-9B43-B2245FF63014}.Debug|Any CPU.Build.0 = Debug|Any CPU
		{362448F8-9A31-49E9-9B43-B2245FF63014}.Release|Any CPU.ActiveCfg = Release|Any CPU
		{362448F8-9A31-49E9-9B43-B2245FF63014}.Release|Any CPU.Build.0 = Release|Any CPU
	EndGlobalSection
	GlobalSection(SolutionProperties) = preSolution
		HideSolutionNode = FALSE
	EndGlobalSection
	GlobalSection(ExtensibilityGlobals) = postSolution
		SolutionGuid = {76901E3B-C79E-44A3-8781-52A5997C8FE0}
	EndGlobalSection
EndGlobal
